// !$*UTF8*$!
{
	archiveVersion = 1;
	classes = {
	};
	objectVersion = 50;
	objects = {

/* Begin PBXBuildFile section */
		7E32596C251CFF1500D181C3 /* AppDelegate.swift in Sources */ = {isa = PBXBuildFile; fileRef = 7E32596B251CFF1500D181C3 /* AppDelegate.swift */; };
		7E32596E251CFF1500D181C3 /* SceneDelegate.swift in Sources */ = {isa = PBXBuildFile; fileRef = 7E32596D251CFF1500D181C3 /* SceneDelegate.swift */; };
		7E325970251CFF1500D181C3 /* ViewController.swift in Sources */ = {isa = PBXBuildFile; fileRef = 7E32596F251CFF1500D181C3 /* ViewController.swift */; };
		7E325973251CFF1500D181C3 /* Main.storyboard in Resources */ = {isa = PBXBuildFile; fileRef = 7E325971251CFF1500D181C3 /* Main.storyboard */; };
		7E325975251CFF1600D181C3 /* Assets.xcassets in Resources */ = {isa = PBXBuildFile; fileRef = 7E325974251CFF1600D181C3 /* Assets.xcassets */; };
		7E325978251CFF1600D181C3 /* LaunchScreen.storyboard in Resources */ = {isa = PBXBuildFile; fileRef = 7E325976251CFF1600D181C3 /* LaunchScreen.storyboard */; };
		7E325983251CFF1600D181C3 /* FlixsterTests.swift in Sources */ = {isa = PBXBuildFile; fileRef = 7E325982251CFF1600D181C3 /* FlixsterTests.swift */; };
		7E32598E251CFF1600D181C3 /* FlixsterUITests.swift in Sources */ = {isa = PBXBuildFile; fileRef = 7E32598D251CFF1600D181C3 /* FlixsterUITests.swift */; };
		7E4E873F251FB75300EA52E4 /* TableViewCell.swift in Sources */ = {isa = PBXBuildFile; fileRef = 7E4E873E251FB75300EA52E4 /* TableViewCell.swift */; };
/* End PBXBuildFile section */

/* Begin PBXContainerItemProxy section */
		7E32597F251CFF1600D181C3 /* PBXContainerItemProxy */ = {
			isa = PBXContainerItemProxy;
			containerPortal = 7E325960251CFF1500D181C3 /* Project object */;
			proxyType = 1;
			remoteGlobalIDString = 7E325967251CFF1500D181C3;
			remoteInfo = Flixster;
		};
		7E32598A251CFF1600D181C3 /* PBXContainerItemProxy */ = {
			isa = PBXContainerItemProxy;
			containerPortal = 7E325960251CFF1500D181C3 /* Project object */;
			proxyType = 1;
			remoteGlobalIDString = 7E325967251CFF1500D181C3;
			remoteInfo = Flixster;
		};
/* End PBXContainerItemProxy section */

/* Begin PBXFileReference section */
		7E325968251CFF1500D181C3 /* Flixster.app */ = {isa = PBXFileReference; explicitFileType = wrapper.application; includeInIndex = 0; path = Flixster.app; sourceTree = BUILT_PRODUCTS_DIR; };
		7E32596B251CFF1500D181C3 /* AppDelegate.swift */ = {isa = PBXFileReference; lastKnownFileType = sourcecode.swift; path = AppDelegate.swift; sourceTree = "<group>"; };
		7E32596D251CFF1500D181C3 /* SceneDelegate.swift */ = {isa = PBXFileReference; lastKnownFileType = sourcecode.swift; path = SceneDelegate.swift; sourceTree = "<group>"; };
		7E32596F251CFF1500D181C3 /* ViewController.swift */ = {isa = PBXFileReference; lastKnownFileType = sourcecode.swift; path = ViewController.swift; sourceTree = "<group>"; };
		7E325972251CFF1500D181C3 /* Base */ = {isa = PBXFileReference; lastKnownFileType = file.storyboard; name = Base; path = Base.lproj/Main.storyboard; sourceTree = "<group>"; };
		7E325974251CFF1600D181C3 /* Assets.xcassets */ = {isa = PBXFileReference; lastKnownFileType = folder.assetcatalog; path = Assets.xcassets; sourceTree = "<group>"; };
		7E325977251CFF1600D181C3 /* Base */ = {isa = PBXFileReference; lastKnownFileType = file.storyboard; name = Base; path = Base.lproj/LaunchScreen.storyboard; sourceTree = "<group>"; };
		7E325979251CFF1600D181C3 /* Info.plist */ = {isa = PBXFileReference; lastKnownFileType = text.plist.xml; path = Info.plist; sourceTree = "<group>"; };
		7E32597E251CFF1600D181C3 /* FlixsterTests.xctest */ = {isa = PBXFileReference; explicitFileType = wrapper.cfbundle; includeInIndex = 0; path = FlixsterTests.xctest; sourceTree = BUILT_PRODUCTS_DIR; };
		7E325982251CFF1600D181C3 /* FlixsterTests.swift */ = {isa = PBXFileReference; lastKnownFileType = sourcecode.swift; path = FlixsterTests.swift; sourceTree = "<group>"; };
		7E325984251CFF1600D181C3 /* Info.plist */ = {isa = PBXFileReference; lastKnownFileType = text.plist.xml; path = Info.plist; sourceTree = "<group>"; };
		7E325989251CFF1600D181C3 /* FlixsterUITests.xctest */ = {isa = PBXFileReference; explicitFileType = wrapper.cfbundle; includeInIndex = 0; path = FlixsterUITests.xctest; sourceTree = BUILT_PRODUCTS_DIR; };
		7E32598D251CFF1600D181C3 /* FlixsterUITests.swift */ = {isa = PBXFileReference; lastKnownFileType = sourcecode.swift; path = FlixsterUITests.swift; sourceTree = "<group>"; };
		7E32598F251CFF1600D181C3 /* Info.plist */ = {isa = PBXFileReference; lastKnownFileType = text.plist.xml; path = Info.plist; sourceTree = "<group>"; };
		7E4E873E251FB75300EA52E4 /* TableViewCell.swift */ = {isa = PBXFileReference; lastKnownFileType = sourcecode.swift; path = TableViewCell.swift; sourceTree = "<group>"; };
/* End PBXFileReference section */

/* Begin PBXFrameworksBuildPhase section */
		7E325965251CFF1500D181C3 /* Frameworks */ = {
			isa = PBXFrameworksBuildPhase;
			buildActionMask = 2147483647;
			files = (
			);
			runOnlyForDeploymentPostprocessing = 0;
		};
		7E32597B251CFF1600D181C3 /* Frameworks */ = {
			isa = PBXFrameworksBuildPhase;
			buildActionMask = 2147483647;
			files = (
			);
			runOnlyForDeploymentPostprocessing = 0;
		};
		7E325986251CFF1600D181C3 /* Frameworks */ = {
			isa = PBXFrameworksBuildPhase;
			buildActionMask = 2147483647;
			files = (
			);
			runOnlyForDeploymentPostprocessing = 0;
		};
/* End PBXFrameworksBuildPhase section */

/* Begin PBXGroup section */
		7E32595F251CFF1500D181C3 = {
			isa = PBXGroup;
			children = (
				7E32596A251CFF1500D181C3 /* Flixster */,
				7E325981251CFF1600D181C3 /* FlixsterTests */,
				7E32598C251CFF1600D181C3 /* FlixsterUITests */,
				7E325969251CFF1500D181C3 /* Products */,
			);
			sourceTree = "<group>";
		};
		7E325969251CFF1500D181C3 /* Products */ = {
			isa = PBXGroup;
			children = (
				7E325968251CFF1500D181C3 /* Flixster.app */,
				7E32597E251CFF1600D181C3 /* FlixsterTests.xctest */,
				7E325989251CFF1600D181C3 /* FlixsterUITests.xctest */,
			);
			name = Products;
			sourceTree = "<group>";
		};
		7E32596A251CFF1500D181C3 /* Flixster */ = {
			isa = PBXGroup;
			children = (
				7E32596B251CFF1500D181C3 /* AppDelegate.swift */,
				7E32596D251CFF1500D181C3 /* SceneDelegate.swift */,
				7E32596F251CFF1500D181C3 /* ViewController.swift */,
				7E325971251CFF1500D181C3 /* Main.storyboard */,
				7E325974251CFF1600D181C3 /* Assets.xcassets */,
				7E325976251CFF1600D181C3 /* LaunchScreen.storyboard */,
				7E325979251CFF1600D181C3 /* Info.plist */,
				7E4E873E251FB75300EA52E4 /* TableViewCell.swift */,
			);
			path = Flixster;
			sourceTree = "<group>";
		};
		7E325981251CFF1600D181C3 /* FlixsterTests */ = {
			isa = PBXGroup;
			children = (
				7E325982251CFF1600D181C3 /* FlixsterTests.swift */,
				7E325984251CFF1600D181C3 /* Info.plist */,
			);
			path = FlixsterTests;
			sourceTree = "<group>";
		};
		7E32598C251CFF1600D181C3 /* FlixsterUITests */ = {
			isa = PBXGroup;
			children = (
				7E32598D251CFF1600D181C3 /* FlixsterUITests.swift */,
				7E32598F251CFF1600D181C3 /* Info.plist */,
			);
			path = FlixsterUITests;
			sourceTree = "<group>";
		};
/* End PBXGroup section */

/* Begin PBXNativeTarget section */
		7E325967251CFF1500D181C3 /* Flixster */ = {
			isa = PBXNativeTarget;
			buildConfigurationList = 7E325992251CFF1600D181C3 /* Build configuration list for PBXNativeTarget "Flixster" */;
			buildPhases = (
				7E325964251CFF1500D181C3 /* Sources */,
				7E325965251CFF1500D181C3 /* Frameworks */,
				7E325966251CFF1500D181C3 /* Resources */,
			);
			buildRules = (
			);
			dependencies = (
			);
			name = Flixster;
			productName = Flixster;
			productReference = 7E325968251CFF1500D181C3 /* Flixster.app */;
			productType = "com.apple.product-type.application";
		};
		7E32597D251CFF1600D181C3 /* FlixsterTests */ = {
			isa = PBXNativeTarget;
			buildConfigurationList = 7E325995251CFF1600D181C3 /* Build configuration list for PBXNativeTarget "FlixsterTests" */;
			buildPhases = (
				7E32597A251CFF1600D181C3 /* Sources */,
				7E32597B251CFF1600D181C3 /* Frameworks */,
				7E32597C251CFF1600D181C3 /* Resources */,
			);
			buildRules = (
			);
			dependencies = (
				7E325980251CFF1600D181C3 /* PBXTargetDependency */,
			);
			name = FlixsterTests;
			productName = FlixsterTests;
			productReference = 7E32597E251CFF1600D181C3 /* FlixsterTests.xctest */;
			productType = "com.apple.product-type.bundle.unit-test";
		};
		7E325988251CFF1600D181C3 /* FlixsterUITests */ = {
			isa = PBXNativeTarget;
			buildConfigurationList = 7E325998251CFF1600D181C3 /* Build configuration list for PBXNativeTarget "FlixsterUITests" */;
			buildPhases = (
				7E325985251CFF1600D181C3 /* Sources */,
				7E325986251CFF1600D181C3 /* Frameworks */,
				7E325987251CFF1600D181C3 /* Resources */,
			);
			buildRules = (
			);
			dependencies = (
				7E32598B251CFF1600D181C3 /* PBXTargetDependency */,
			);
			name = FlixsterUITests;
			productName = FlixsterUITests;
			productReference = 7E325989251CFF1600D181C3 /* FlixsterUITests.xctest */;
			productType = "com.apple.product-type.bundle.ui-testing";
		};
/* End PBXNativeTarget section */

/* Begin PBXProject section */
		7E325960251CFF1500D181C3 /* Project object */ = {
			isa = PBXProject;
			attributes = {
				LastSwiftUpdateCheck = 1200;
				LastUpgradeCheck = 1200;
				TargetAttributes = {
					7E325967251CFF1500D181C3 = {
						CreatedOnToolsVersion = 12.0;
					};
					7E32597D251CFF1600D181C3 = {
						CreatedOnToolsVersion = 12.0;
						TestTargetID = 7E325967251CFF1500D181C3;
					};
					7E325988251CFF1600D181C3 = {
						CreatedOnToolsVersion = 12.0;
						TestTargetID = 7E325967251CFF1500D181C3;
					};
				};
			};
			buildConfigurationList = 7E325963251CFF1500D181C3 /* Build configuration list for PBXProject "Flixster" */;
			compatibilityVersion = "Xcode 9.3";
			developmentRegion = en;
			hasScannedForEncodings = 0;
			knownRegions = (
				en,
				Base,
			);
			mainGroup = 7E32595F251CFF1500D181C3;
			productRefGroup = 7E325969251CFF1500D181C3 /* Products */;
			projectDirPath = "";
			projectRoot = "";
			targets = (
				7E325967251CFF1500D181C3 /* Flixster */,
				7E32597D251CFF1600D181C3 /* FlixsterTests */,
				7E325988251CFF1600D181C3 /* FlixsterUITests */,
			);
		};
/* End PBXProject section */

/* Begin PBXResourcesBuildPhase section */
		7E325966251CFF1500D181C3 /* Resources */ = {
			isa = PBXResourcesBuildPhase;
			buildActionMask = 2147483647;
			files = (
				7E325978251CFF1600D181C3 /* LaunchScreen.storyboard in Resources */,
				7E325975251CFF1600D181C3 /* Assets.xcassets in Resources */,
				7E325973251CFF1500D181C3 /* Main.storyboard in Resources */,
			);
			runOnlyForDeploymentPostprocessing = 0;
		};
		7E32597C251CFF1600D181C3 /* Resources */ = {
			isa = PBXResourcesBuildPhase;
			buildActionMask = 2147483647;
			files = (
			);
			runOnlyForDeploymentPostprocessing = 0;
		};
		7E325987251CFF1600D181C3 /* Resources */ = {
			isa = PBXResourcesBuildPhase;
			buildActionMask = 2147483647;
			files = (
			);
			runOnlyForDeploymentPostprocessing = 0;
		};
/* End PBXResourcesBuildPhase section */

/* Begin PBXSourcesBuildPhase section */
		7E325964251CFF1500D181C3 /* Sources */ = {
			isa = PBXSourcesBuildPhase;
			buildActionMask = 2147483647;
			files = (
				7E325970251CFF1500D181C3 /* ViewController.swift in Sources */,
				7E4E873F251FB75300EA52E4 /* TableViewCell.swift in Sources */,
				7E32596C251CFF1500D181C3 /* AppDelegate.swift in Sources */,
				7E32596E251CFF1500D181C3 /* SceneDelegate.swift in Sources */,
			);
			runOnlyForDeploymentPostprocessing = 0;
		};
		7E32597A251CFF1600D181C3 /* Sources */ = {
			isa = PBXSourcesBuildPhase;
			buildActionMask = 2147483647;
			files = (
				7E325983251CFF1600D181C3 /* FlixsterTests.swift in Sources */,
			);
			runOnlyForDeploymentPostprocessing = 0;
		};
		7E325985251CFF1600D181C3 /* Sources */ = {
			isa = PBXSourcesBuildPhase;
			buildActionMask = 2147483647;
			files = (
				7E32598E251CFF1600D181C3 /* FlixsterUITests.swift in Sources */,
			);
			runOnlyForDeploymentPostprocessing = 0;
		};
/* End PBXSourcesBuildPhase section */

/* Begin PBXTargetDependency section */
		7E325980251CFF1600D181C3 /* PBXTargetDependency */ = {
			isa = PBXTargetDependency;
			target = 7E325967251CFF1500D181C3 /* Flixster */;
			targetProxy = 7E32597F251CFF1600D181C3 /* PBXContainerItemProxy */;
		};
		7E32598B251CFF1600D181C3 /* PBXTargetDependency */ = {
			isa = PBXTargetDependency;
			target = 7E325967251CFF1500D181C3 /* Flixster */;
			targetProxy = 7E32598A251CFF1600D181C3 /* PBXContainerItemProxy */;
		};
/* End PBXTargetDependency section */

/* Begin PBXVariantGroup section */
		7E325971251CFF1500D181C3 /* Main.storyboard */ = {
			isa = PBXVariantGroup;
			children = (
				7E325972251CFF1500D181C3 /* Base */,
			);
			name = Main.storyboard;
			sourceTree = "<group>";
		};
		7E325976251CFF1600D181C3 /* LaunchScreen.storyboard */ = {
			isa = PBXVariantGroup;
			children = (
				7E325977251CFF1600D181C3 /* Base */,
			);
			name = LaunchScreen.storyboard;
			sourceTree = "<group>";
		};
/* End PBXVariantGroup section */

/* Begin XCBuildConfiguration section */
		7E325990251CFF1600D181C3 /* Debug */ = {
			isa = XCBuildConfiguration;
			buildSettings = {
				ALWAYS_SEARCH_USER_PATHS = NO;
				CLANG_ANALYZER_NONNULL = YES;
				CLANG_ANALYZER_NUMBER_OBJECT_CONVERSION = YES_AGGRESSIVE;
				CLANG_CXX_LANGUAGE_STANDARD = "gnu++14";
				CLANG_CXX_LIBRARY = "libc++";
				CLANG_ENABLE_MODULES = YES;
				CLANG_ENABLE_OBJC_ARC = YES;
				CLANG_ENABLE_OBJC_WEAK = YES;
				CLANG_WARN_BLOCK_CAPTURE_AUTORELEASING = YES;
				CLANG_WARN_BOOL_CONVERSION = YES;
				CLANG_WARN_COMMA = YES;
				CLANG_WARN_CONSTANT_CONVERSION = YES;
				CLANG_WARN_DEPRECATED_OBJC_IMPLEMENTATIONS = YES;
				CLANG_WARN_DIRECT_OBJC_ISA_USAGE = YES_ERROR;
				CLANG_WARN_DOCUMENTATION_COMMENTS = YES;
				CLANG_WARN_EMPTY_BODY = YES;
				CLANG_WARN_ENUM_CONVERSION = YES;
				CLANG_WARN_INFINITE_RECURSION = YES;
				CLANG_WARN_INT_CONVERSION = YES;
				CLANG_WARN_NON_LITERAL_NULL_CONVERSION = YES;
				CLANG_WARN_OBJC_IMPLICIT_RETAIN_SELF = YES;
				CLANG_WARN_OBJC_LITERAL_CONVERSION = YES;
				CLANG_WARN_OBJC_ROOT_CLASS = YES_ERROR;
				CLANG_WARN_QUOTED_INCLUDE_IN_FRAMEWORK_HEADER = YES;
				CLANG_WARN_RANGE_LOOP_ANALYSIS = YES;
				CLANG_WARN_STRICT_PROTOTYPES = YES;
				CLANG_WARN_SUSPICIOUS_MOVE = YES;
				CLANG_WARN_UNGUARDED_AVAILABILITY = YES_AGGRESSIVE;
				CLANG_WARN_UNREACHABLE_CODE = YES;
				CLANG_WARN__DUPLICATE_METHOD_MATCH = YES;
				COPY_PHASE_STRIP = NO;
				DEBUG_INFORMATION_FORMAT = dwarf;
				ENABLE_STRICT_OBJC_MSGSEND = YES;
				ENABLE_TESTABILITY = YES;
				GCC_C_LANGUAGE_STANDARD = gnu11;
				GCC_DYNAMIC_NO_PIC = NO;
				GCC_NO_COMMON_BLOCKS = YES;
				GCC_OPTIMIZATION_LEVEL = 0;
				GCC_PREPROCESSOR_DEFINITIONS = (
					"DEBUG=1",
					"$(inherited)",
				);
				GCC_WARN_64_TO_32_BIT_CONVERSION = YES;
				GCC_WARN_ABOUT_RETURN_TYPE = YES_ERROR;
				GCC_WARN_UNDECLARED_SELECTOR = YES;
				GCC_WARN_UNINITIALIZED_AUTOS = YES_AGGRESSIVE;
				GCC_WARN_UNUSED_FUNCTION = YES;
				GCC_WARN_UNUSED_VARIABLE = YES;
				IPHONEOS_DEPLOYMENT_TARGET = 14.0;
				MTL_ENABLE_DEBUG_INFO = INCLUDE_SOURCE;
				MTL_FAST_MATH = YES;
				ONLY_ACTIVE_ARCH = YES;
				SDKROOT = iphoneos;
				SWIFT_ACTIVE_COMPILATION_CONDITIONS = DEBUG;
				SWIFT_OPTIMIZATION_LEVEL = "-Onone";
			};
			name = Debug;
		};
		7E325991251CFF1600D181C3 /* Release */ = {
			isa = XCBuildConfiguration;
			buildSettings = {
				ALWAYS_SEARCH_USER_PATHS = NO;
				CLANG_ANALYZER_NONNULL = YES;
				CLANG_ANALYZER_NUMBER_OBJECT_CONVERSION = YES_AGGRESSIVE;
				CLANG_CXX_LANGUAGE_STANDARD = "gnu++14";
				CLANG_CXX_LIBRARY = "libc++";
				CLANG_ENABLE_MODULES = YES;
				CLANG_ENABLE_OBJC_ARC = YES;
				CLANG_ENABLE_OBJC_WEAK = YES;
				CLANG_WARN_BLOCK_CAPTURE_AUTORELEASING = YES;
				CLANG_WARN_BOOL_CONVERSION = YES;
				CLANG_WARN_COMMA = YES;
				CLANG_WARN_CONSTANT_CONVERSION = YES;
				CLANG_WARN_DEPRECATED_OBJC_IMPLEMENTATIONS = YES;
				CLANG_WARN_DIRECT_OBJC_ISA_USAGE = YES_ERROR;
				CLANG_WARN_DOCUMENTATION_COMMENTS = YES;
				CLANG_WARN_EMPTY_BODY = YES;
				CLANG_WARN_ENUM_CONVERSION = YES;
				CLANG_WARN_INFINITE_RECURSION = YES;
				CLANG_WARN_INT_CONVERSION = YES;
				CLANG_WARN_NON_LITERAL_NULL_CONVERSION = YES;
				CLANG_WARN_OBJC_IMPLICIT_RETAIN_SELF = YES;
				CLANG_WARN_OBJC_LITERAL_CONVERSION = YES;
				CLANG_WARN_OBJC_ROOT_CLASS = YES_ERROR;
				CLANG_WARN_QUOTED_INCLUDE_IN_FRAMEWORK_HEADER = YES;
				CLANG_WARN_RANGE_LOOP_ANALYSIS = YES;
				CLANG_WARN_STRICT_PROTOTYPES = YES;
				CLANG_WARN_SUSPICIOUS_MOVE = YES;
				CLANG_WARN_UNGUARDED_AVAILABILITY = YES_AGGRESSIVE;
				CLANG_WARN_UNREACHABLE_CODE = YES;
				CLANG_WARN__DUPLICATE_METHOD_MATCH = YES;
				COPY_PHASE_STRIP = NO;
				DEBUG_INFORMATION_FORMAT = "dwarf-with-dsym";
				ENABLE_NS_ASSERTIONS = NO;
				ENABLE_STRICT_OBJC_MSGSEND = YES;
				GCC_C_LANGUAGE_STANDARD = gnu11;
				GCC_NO_COMMON_BLOCKS = YES;
				GCC_WARN_64_TO_32_BIT_CONVERSION = YES;
				GCC_WARN_ABOUT_RETURN_TYPE = YES_ERROR;
				GCC_WARN_UNDECLARED_SELECTOR = YES;
				GCC_WARN_UNINITIALIZED_AUTOS = YES_AGGRESSIVE;
				GCC_WARN_UNUSED_FUNCTION = YES;
				GCC_WARN_UNUSED_VARIABLE = YES;
				IPHONEOS_DEPLOYMENT_TARGET = 14.0;
				MTL_ENABLE_DEBUG_INFO = NO;
				MTL_FAST_MATH = YES;
				SDKROOT = iphoneos;
				SWIFT_COMPILATION_MODE = wholemodule;
				SWIFT_OPTIMIZATION_LEVEL = "-O";
				VALIDATE_PRODUCT = YES;
			};
			name = Release;
		};
		7E325993251CFF1600D181C3 /* Debug */ = {
			isa = XCBuildConfiguration;
			buildSettings = {
				ASSETCATALOG_COMPILER_APPICON_NAME = AppIcon;
				ASSETCATALOG_COMPILER_GLOBAL_ACCENT_COLOR_NAME = AccentColor;
				CODE_SIGN_STYLE = Automatic;
				INFOPLIST_FILE = Flixster/Info.plist;
				LD_RUNPATH_SEARCH_PATHS = (
					"$(inherited)",
					"@executable_path/Frameworks",
				);
				PRODUCT_BUNDLE_IDENTIFIER = com.kennethchong.Flixster;
				PRODUCT_NAME = "$(TARGET_NAME)";
				SWIFT_VERSION = 5.0;
				TARGETED_DEVICE_FAMILY = "1,2";
			};
			name = Debug;
		};
		7E325994251CFF1600D181C3 /* Release */ = {
			isa = XCBuildConfiguration;
			buildSettings = {
				ASSETCATALOG_COMPILER_APPICON_NAME = AppIcon;
				ASSETCATALOG_COMPILER_GLOBAL_ACCENT_COLOR_NAME = AccentColor;
				CODE_SIGN_STYLE = Automatic;
				INFOPLIST_FILE = Flixster/Info.plist;
				LD_RUNPATH_SEARCH_PATHS = (
					"$(inherited)",
					"@executable_path/Frameworks",
				);
				PRODUCT_BUNDLE_IDENTIFIER = com.kennethchong.Flixster;
				PRODUCT_NAME = "$(TARGET_NAME)";
				SWIFT_VERSION = 5.0;
				TARGETED_DEVICE_FAMILY = "1,2";
			};
			name = Release;
		};
		7E325996251CFF1600D181C3 /* Debug */ = {
			isa = XCBuildConfiguration;
			buildSettings = {
				ALWAYS_EMBED_SWIFT_STANDARD_LIBRARIES = YES;
				BUNDLE_LOADER = "$(TEST_HOST)";
				CODE_SIGN_STYLE = Automatic;
				INFOPLIST_FILE = FlixsterTests/Info.plist;
				IPHONEOS_DEPLOYMENT_TARGET = 14.0;
				LD_RUNPATH_SEARCH_PATHS = (
					"$(inherited)",
					"@executable_path/Frameworks",
					"@loader_path/Frameworks",
				);
				PRODUCT_BUNDLE_IDENTIFIER = com.kennethchong.FlixsterTests;
				PRODUCT_NAME = "$(TARGET_NAME)";
				SWIFT_VERSION = 5.0;
				TARGETED_DEVICE_FAMILY = "1,2";
				TEST_HOST = "$(BUILT_PRODUCTS_DIR)/Flixster.app/Flixster";
			};
			name = Debug;
		};
		7E325997251CFF1600D181C3 /* Release */ = {
			isa = XCBuildConfiguration;
			buildSettings = {
				ALWAYS_EMBED_SWIFT_STANDARD_LIBRARIES = YES;
				BUNDLE_LOADER = "$(TEST_HOST)";
				CODE_SIGN_STYLE = Automatic;
				INFOPLIST_FILE = FlixsterTests/Info.plist;
				IPHONEOS_DEPLOYMENT_TARGET = 14.0;
				LD_RUNPATH_SEARCH_PATHS = (
					"$(inherited)",
					"@executable_path/Frameworks",
					"@loader_path/Frameworks",
				);
				PRODUCT_BUNDLE_IDENTIFIER = com.kennethchong.FlixsterTests;
				PRODUCT_NAME = "$(TARGET_NAME)";
				SWIFT_VERSION = 5.0;
				TARGETED_DEVICE_FAMILY = "1,2";
				TEST_HOST = "$(BUILT_PRODUCTS_DIR)/Flixster.app/Flixster";
			};
			name = Release;
		};
		7E325999251CFF1600D181C3 /* Debug */ = {
			isa = XCBuildConfiguration;
			buildSettings = {
				ALWAYS_EMBED_SWIFT_STANDARD_LIBRARIES = YES;
				CODE_SIGN_STYLE = Automatic;
				INFOPLIST_FILE = FlixsterUITests/Info.plist;
				LD_RUNPATH_SEARCH_PATHS = (
					"$(inherited)",
					"@executable_path/Frameworks",
					"@loader_path/Frameworks",
				);
				PRODUCT_BUNDLE_IDENTIFIER = com.kennethchong.FlixsterUITests;
				PRODUCT_NAME = "$(TARGET_NAME)";
				SWIFT_VERSION = 5.0;
				TARGETED_DEVICE_FAMILY = "1,2";
				TEST_TARGET_NAME = Flixster;
			};
			name = Debug;
		};
		7E32599A251CFF1600D181C3 /* Release */ = {
			isa = XCBuildConfiguration;
			buildSettings = {
				ALWAYS_EMBED_SWIFT_STANDARD_LIBRARIES = YES;
				CODE_SIGN_STYLE = Automatic;
				INFOPLIST_FILE = FlixsterUITests/Info.plist;
				LD_RUNPATH_SEARCH_PATHS = (
					"$(inherited)",
					"@executable_path/Frameworks",
					"@loader_path/Frameworks",
				);
				PRODUCT_BUNDLE_IDENTIFIER = com.kennethchong.FlixsterUITests;
				PRODUCT_NAME = "$(TARGET_NAME)";
				SWIFT_VERSION = 5.0;
				TARGETED_DEVICE_FAMILY = "1,2";
				TEST_TARGET_NAME = Flixster;
			};
			name = Release;
		};
/* End XCBuildConfiguration section */

/* Begin XCConfigurationList section */
		7E325963251CFF1500D181C3 /* Build configuration list for PBXProject "Flixster" */ = {
			isa = XCConfigurationList;
			buildConfigurations = (
				7E325990251CFF1600D181C3 /* Debug */,
				7E325991251CFF1600D181C3 /* Release */,
			);
			defaultConfigurationIsVisible = 0;
			defaultConfigurationName = Release;
		};
		7E325992251CFF1600D181C3 /* Build configuration list for PBXNativeTarget "Flixster" */ = {
			isa = XCConfigurationList;
			buildConfigurations = (
				7E325993251CFF1600D181C3 /* Debug */,
				7E325994251CFF1600D181C3 /* Release */,
			);
			defaultConfigurationIsVisible = 0;
			defaultConfigurationName = Release;
		};
		7E325995251CFF1600D181C3 /* Build configuration list for PBXNativeTarget "FlixsterTests" */ = {
			isa = XCConfigurationList;
			buildConfigurations = (
				7E325996251CFF1600D181C3 /* Debug */,
				7E325997251CFF1600D181C3 /* Release */,
			);
			defaultConfigurationIsVisible = 0;
			defaultConfigurationName = Release;
		};
		7E325998251CFF1600D181C3 /* Build configuration list for PBXNativeTarget "FlixsterUITests" */ = {
			isa = XCConfigurationList;
			buildConfigurations = (
				7E325999251CFF1600D181C3 /* Debug */,
				7E32599A251CFF1600D181C3 /* Release */,
			);
			defaultConfigurationIsVisible = 0;
			defaultConfigurationName = Release;
		};
/* End XCConfigurationList section */
	};
	rootObject = 7E325960251CFF1500D181C3 /* Project object */;
}
